# THIS IS AN AUTOGENERATED FILE. DO NOT EDIT THIS FILE DIRECTLY.
# yarn lockfile v1


"@rdfjs/types@*":
  version "1.1.0"
  resolved "https://registry.yarnpkg.com/@rdfjs/types/-/types-1.1.0.tgz#098f180b7cccb03bb416c7b4d03baaa9d480e36b"
  integrity sha512-5zm8bN2/CC634dTcn/0AhTRLaQRjXDZs3QfcAsQKNturHT7XVWcKy/8p3P5gXl+YkZTAmy7T5M/LyiT/jbkENw==
  dependencies:
    "@types/node" "*"

"@types/node@*":
  version "17.0.21"
  resolved "https://registry.yarnpkg.com/@types/node/-/node-17.0.21.tgz#864b987c0c68d07b4345845c3e63b75edd143644"
  integrity sha512-DBZCJbhII3r90XbQxI8Y9IjjiiOGlZ0Hr32omXIZvwwZ7p4DMMXGrKXVyPfuoBOri9XNtL0UK69jYIBIsRX3QQ==

"@types/node@^13.1.0":
  version "13.13.52"
  resolved "https://registry.yarnpkg.com/@types/node/-/node-13.13.52.tgz#03c13be70b9031baaed79481c0c0cfb0045e53f7"
  integrity sha512-s3nugnZumCC//n4moGGe6tkNMyYEdaDBitVjwPxXmR5lnMG5dHePinH2EdxkG3Rh1ghFHHixAG4NJhpJW1rthQ==

"@types/readable-stream@^2.3.11":
  version "2.3.13"
  resolved "https://registry.yarnpkg.com/@types/readable-stream/-/readable-stream-2.3.13.tgz#46451c1b87cb61010e420ac02a76cfc1b2c2089a"
  integrity sha512-4JSCx8EUzaW9Idevt+9lsRAt1lcSccoQfE+AouM1gk8sFxnnytKNIO3wTl9Dy+4m6jRJ1yXhboLHHT/LXBQiEw==
  dependencies:
    "@types/node" "*"
    safe-buffer "*"

"@types/sparqljs@^3.1.3":
  version "3.1.3"
  resolved "https://registry.yarnpkg.com/@types/sparqljs/-/sparqljs-3.1.3.tgz#e4b9a2511bc2f14f564559ed6cf567835791a7e9"
  integrity sha512-nmFgmR6ns4i8sg9fYu+293H+PMLKmDOZy34sgwgAeUEEiIqSs4guj5aCZRt3gq1g0yuKXkqrxLDq/684g7pGtQ==
  dependencies:
    rdf-js "^4.0.2"

JSONStream@^1.3.3:
  version "1.3.5"
  resolved "https://registry.yarnpkg.com/JSONStream/-/JSONStream-1.3.5.tgz#3208c1f08d3a4d99261ab64f92302bc15e111ca0"
  integrity sha512-E+iruNOY8VV9s4JEbe1aNEm6MiszPRr/UfcHMz0TQh1BXSxHK+ASV1R6W4HpjBhSeS+54PIsAMCBmwD06LLsqQ==
  dependencies:
    jsonparse "^1.2.0"
    through ">=2.2.7 <3"

abort-controller@^3.0.0:
  version "3.0.0"
  resolved "https://registry.yarnpkg.com/abort-controller/-/abort-controller-3.0.0.tgz#eaf54d53b62bae4138e809ca225c8439a6efb392"
  integrity sha512-h8lQ8tacZYnR3vNQTgibj+tODHI5/+l06Au2Pcriv/Gmet0eaj4TwWH41sO9wnHDiQsEj19q0drzdWdeAHtweg==
  dependencies:
    event-target-shim "^5.0.0"

cross-fetch@^3.0.6:
  version "3.1.5"
  resolved "https://registry.yarnpkg.com/cross-fetch/-/cross-fetch-3.1.5.tgz#e1389f44d9e7ba767907f7af8454787952ab534f"
  integrity sha512-lvb1SBsI0Z7GDwmuid+mU3kWVBwTVUbe7S0H52yaaAdQOXq2YktTCZdlAcNKFzE6QtRz0snpw9bNiPeOIkkQvw==
  dependencies:
    node-fetch "2.6.7"

debug@~2:
  version "2.6.9"
  resolved "https://registry.yarnpkg.com/debug/-/debug-2.6.9.tgz#5d128515df134ff327e90a4c93f4e077a536341f"
  integrity sha512-bC7ElrdJaJnPbAP+1EotYvqZsb3ecl5wi6Bfi6BJTUcNowp6cvspg0jXznRTKDjm/E7AdgFBVeAPVMNcKGsHMA==
  dependencies:
    ms "2.0.0"

event-target-shim@^5.0.0:
  version "5.0.1"
  resolved "https://registry.yarnpkg.com/event-target-shim/-/event-target-shim-5.0.1.tgz#5d4d3ebdf9583d63a5333ce2deb7480ab2b05789"
  integrity sha512-i/2XbnSz/uxRCU6+NdVJgKWDTM427+MqYbkQzD321DuCQJUqOuJKIA0IM2+W2xtYHdKOmZ4dR6fExsd4SXL+WQ==

fetch-sparql-endpoint@^2.4.0:
  version "2.4.0"
  resolved "https://registry.yarnpkg.com/fetch-sparql-endpoint/-/fetch-sparql-endpoint-2.4.0.tgz#ced28322acb14ff357f01161d5d124b1f6e3f594"
  integrity sha512-7SLCQFF1N8dOhnJBJL2engSRYKZxD6oCsQ+rGQa/AwEfHpYqmJZVkyLWXC/pkV8vsZ1vkvYj8x89x2UpthQjdA==
  dependencies:
    "@rdfjs/types" "*"
    "@types/readable-stream" "^2.3.11"
    "@types/sparqljs" "^3.1.3"
    abort-controller "^3.0.0"
    cross-fetch "^3.0.6"
    is-stream "^2.0.0"
    minimist "^1.2.0"
    n3 "^1.6.3"
    rdf-string "^1.6.0"
    readable-web-to-node-stream "^3.0.2"
    sparqljs "^3.1.2"
    sparqljson-parse "^1.7.0"
    sparqlxml-parse "^1.5.0"
    stream-to-string "^1.1.0"

inherits@^2.0.3:
  version "2.0.4"
  resolved "https://registry.yarnpkg.com/inherits/-/inherits-2.0.4.tgz#0fa2c64f932917c3433a0ded55363aae37416b7c"
  integrity sha512-k/vGaX4/Yla3WzyMCvTQOXYeIHvqOKtnqBduzTHpzpQZzAskKMhZ2K+EnBiSM9zGSoIFeMpXKxa4dYeZIQqewQ==

is-stream@^2.0.0:
  version "2.0.1"
  resolved "https://registry.yarnpkg.com/is-stream/-/is-stream-2.0.1.tgz#fac1e3d53b97ad5a9d0ae9cef2389f5810a5c077"
  integrity sha512-hFoiJiTl63nn+kstHGBtewWSKnQLpyb155KHheA1l39uvtO9nWIop1p3udqPcUd/xbF1VLMO4n7OI6p7RbngDg==

jsonparse@^1.2.0:
  version "1.3.1"
  resolved "https://registry.yarnpkg.com/jsonparse/-/jsonparse-1.3.1.tgz#3f4dae4a91fac315f71062f8521cc239f1366280"
  integrity sha1-P02uSpH6wxX3EGL4UhzCOfE2YoA=

minimist@^1.2.0:
  version "1.2.5"
  resolved "https://registry.yarnpkg.com/minimist/-/minimist-1.2.5.tgz#67d66014b66a6a8aaa0c083c5fd58df4e4e97602"
  integrity sha512-FM9nNUYrRBAELZQT3xeZQ7fmMOBg6nWNmJKTcgsJeaLstP/UODVpGsr5OhXhhXg6f+qtJ8uiZ+PUxkDWcgIXLw==

ms@2.0.0:
  version "2.0.0"
  resolved "https://registry.yarnpkg.com/ms/-/ms-2.0.0.tgz#5608aeadfc00be6c2901df5f9861788de0d597c8"
  integrity sha1-VgiurfwAvmwpAd9fmGF4jeDVl8g=

n3@^1.6.3:
  version "1.13.0"
  resolved "https://registry.yarnpkg.com/n3/-/n3-1.13.0.tgz#aaa37ef40c8adf83f543ae468b8bbd813e422d97"
  integrity sha512-GMB4ypBfnuf6mmwbtyN6Whc8TfuVDedxc4n+3wsacQH/h0+RjaEobGMhlWrFLDsqVbT94XA6+q9yysMO5SadKA==
  dependencies:
    queue-microtask "^1.1.2"
    readable-stream "^3.6.0"

node-fetch@2.6.7:
  version "2.6.7"
  resolved "https://registry.yarnpkg.com/node-fetch/-/node-fetch-2.6.7.tgz#24de9fba827e3b4ae44dc8b20256a379160052ad"
  integrity sha512-ZjMPFEfVx5j+y2yF35Kzx5sF7kDzxuDj6ziH4FFbOp87zKDZNx8yExJIb05OGF4Nlt9IHFIMBkRl41VdvcNdbQ==
  dependencies:
    whatwg-url "^5.0.0"

promise-polyfill@^1.1.6:
  version "1.1.6"
  resolved "https://registry.yarnpkg.com/promise-polyfill/-/promise-polyfill-1.1.6.tgz#cd04eff46f5c95c3a7d045591d79b5e3e01f12d7"
  integrity sha1-zQTv9G9clcOn0EVZHXm14+AfEtc=

queue-microtask@^1.1.2:
  version "1.2.3"
  resolved "https://registry.yarnpkg.com/queue-microtask/-/queue-microtask-1.2.3.tgz#4929228bbc724dfac43e0efb058caf7b6cfb6243"
  integrity sha512-NuaNSa6flKT5JaSYQzJok04JzTL1CA6aGhv5rfLW3PgqA+M2ChpZQnAC8h8i4ZFkBS8X5RqkDBHA7r4hej3K9A==

rdf-data-factory@^1.0.4, rdf-data-factory@^1.1.0:
  version "1.1.0"
  resolved "https://registry.yarnpkg.com/rdf-data-factory/-/rdf-data-factory-1.1.0.tgz#d0510b9f100dd79e94f29559a12d4a5a585054d6"
  integrity sha512-g8feOVZ/KL1OK2Pco/jDBDFh4m29QDsOOD+rWloG9qFvIzRFchGy2CviLUX491E0ByewXxMpaq/A3zsWHQA16A==
  dependencies:
    "@rdfjs/types" "*"

rdf-js@^4.0.2:
  version "4.0.2"
  resolved "https://registry.yarnpkg.com/rdf-js/-/rdf-js-4.0.2.tgz#f01510528bbfc6e004012b71a8a533896c4c4c10"
  integrity sha512-ApvlFa/WsQh8LpPK/6hctQwG06Z9ztQQGWVtrcrf9L6+sejHNXLPOqL+w7q3hF+iL0C4sv3AX1PUtGkLNzyZ0Q==
  dependencies:
    "@rdfjs/types" "*"

rdf-string@^1.6.0:
  version "1.6.0"
  resolved "https://registry.yarnpkg.com/rdf-string/-/rdf-string-1.6.0.tgz#571436284274b532af72329ff5168da876a4dc32"
  integrity sha512-6vQVlEobIHralPtx8V9vtgxA+fwnzZjZv6lRz8dfymILZF6Fl3QJwyRaOAvYaUQc1JMmshGI/wlYlaxin2AldQ==
  dependencies:
    "@rdfjs/types" "*"
    rdf-data-factory "^1.1.0"

readable-stream@^3.6.0:
  version "3.6.0"
  resolved "https://registry.yarnpkg.com/readable-stream/-/readable-stream-3.6.0.tgz#337bbda3adc0706bd3e024426a286d4b4b2c9198"
  integrity sha512-BViHy7LKeTz4oNnkcLJ+lVSL6vpiFeX6/d3oSH8zCW7UxP2onchk+vTGB143xuFjHS3deTgkKoXXymXqymiIdA==
  dependencies:
    inherits "^2.0.3"
    string_decoder "^1.1.1"
    util-deprecate "^1.0.1"

readable-web-to-node-stream@^3.0.2:
  version "3.0.2"
  resolved "https://registry.yarnpkg.com/readable-web-to-node-stream/-/readable-web-to-node-stream-3.0.2.tgz#5d52bb5df7b54861fd48d015e93a2cb87b3ee0bb"
  integrity sha512-ePeK6cc1EcKLEhJFt/AebMCLL+GgSKhuygrZ/GLaKZYEecIgIECf4UaUuaByiGtzckwR4ain9VzUh95T1exYGw==
  dependencies:
    readable-stream "^3.6.0"

safe-buffer@*, safe-buffer@~5.2.0:
  version "5.2.1"
  resolved "https://registry.yarnpkg.com/safe-buffer/-/safe-buffer-5.2.1.tgz#1eaf9fa9bdb1fdd4ec75f58f9cdb4e6b7827eec6"
  integrity sha512-rp3So07KcdmmKbGvgaNxQSJr7bGVSVk5S9Eq1F+ppbRo70+YeaDxkw5Dd8NPN+GD6bjnYm2VuPuCXmpuYvmCXQ==

sax-stream@^1.2.3:
  version "1.3.0"
  resolved "https://registry.yarnpkg.com/sax-stream/-/sax-stream-1.3.0.tgz#5fd9380fa9e0254f938b1816b9eb5c2e6d8ea045"
  integrity sha512-tcfsAAICAkyNNe4uiKtKmLKxx3C7qPAej13UUoN+7OLYq/P5kHGahZtJhhMVM3fIMndA6TlYHWFlFEzFkv1VGg==
  dependencies:
    debug "~2"
    sax "~1"

sax@~1:
  version "1.2.4"
  resolved "https://registry.yarnpkg.com/sax/-/sax-1.2.4.tgz#2816234e2378bddc4e5354fab5caa895df7100d9"
  integrity sha512-NqVDv9TpANUjFm0N8uM5GxL36UgKi9/atZw+x7YFnQ8ckwFGKrl4xX4yWtrey3UJm5nP1kUbnYgLopqWNSRhWw==

sparqljs@^3.1.2, sparqljs@^3.5.1:
  version "3.5.1"
  resolved "https://registry.yarnpkg.com/sparqljs/-/sparqljs-3.5.1.tgz#631cd4b5bcc3d9ce23c5313b3a158eccf858e28b"
  integrity sha512-sHc6z7hNF3ACvXurKe8hT1sD52Fc0fN3uPLS6SQnXRV9CJl33GNAS4w5Dd3X3GgykUt9SlnjhI1QRKhLzun4qQ==
  dependencies:
    rdf-data-factory "^1.0.4"

sparqljson-parse@^1.7.0:
  version "1.7.0"
  resolved "https://registry.yarnpkg.com/sparqljson-parse/-/sparqljson-parse-1.7.0.tgz#8844cae3b030864e459e37e6229bf394fc2dee14"
  integrity sha512-/88g7aK1QZ42YvMx+nStNeZsiVJhmg/OC4RNnQk+ybItvEkQiTOpnYDmST5FnzOIsSmp5RxAZDCIDdMK1h7Ynw==
  dependencies:
    "@rdfjs/types" "*"
    "@types/node" "^13.1.0"
    JSONStream "^1.3.3"
    rdf-data-factory "^1.1.0"

sparqlxml-parse@^1.5.0:
  version "1.5.0"
  resolved "https://registry.yarnpkg.com/sparqlxml-parse/-/sparqlxml-parse-1.5.0.tgz#895e403d7435fd1528988121bc4cd6eb576d9887"
  integrity sha512-+0DCekgO3G6ugeVntrZS6+Fj60MsHR0q51WoRAdVzARb5V3jhX3dZJbwSaeydsOsXrtts4XSMc/z+kbqy5/VUQ==
  dependencies:
    "@rdfjs/types" "*"
    "@types/node" "^13.1.0"
    rdf-data-factory "^1.1.0"
    sax-stream "^1.2.3"

stream-to-string@^1.1.0:
  version "1.2.0"
  resolved "https://registry.yarnpkg.com/stream-to-string/-/stream-to-string-1.2.0.tgz#3ca506a097ecbf78b0e0aee0b6fa5c4565412a15"
  integrity sha512-8drZlFIKBHSMdX9GCWv8V9AAWnQcTqw0iAI6/GC7UJ0H0SwKeFKjOoZfGY1tOU00GGU7FYZQoJ/ZCUEoXhD7yQ==
  dependencies:
    promise-polyfill "^1.1.6"

string_decoder@^1.1.1:
  version "1.3.0"
  resolved "https://registry.yarnpkg.com/string_decoder/-/string_decoder-1.3.0.tgz#42f114594a46cf1a8e30b0a84f56c78c3edac21e"
  integrity sha512-hkRX8U1WjJFd8LsDJ2yQ/wWWxaopEsABU1XfkM8A+j0+85JAGppt16cr1Whg6KIbb4okU6Mql6BOj+uup/wKeA==
  dependencies:
    safe-buffer "~5.2.0"

"through@>=2.2.7 <3":
  version "2.3.8"
  resolved "https://registry.yarnpkg.com/through/-/through-2.3.8.tgz#0dd4c9ffaabc357960b1b724115d7e0e86a2e1f5"
  integrity sha1-DdTJ/6q8NXlgsbckEV1+Doai4fU=

tr46@~0.0.3:
  version "0.0.3"
  resolved "https://registry.yarnpkg.com/tr46/-/tr46-0.0.3.tgz#8184fd347dac9cdc185992f3a6622e14b9d9ab6a"
  integrity sha1-gYT9NH2snNwYWZLzpmIuFLnZq2o=

typescript@^4.5.5:
  version "4.5.5"
  resolved "https://registry.yarnpkg.com/typescript/-/typescript-4.5.5.tgz#d8c953832d28924a9e3d37c73d729c846c5896f3"
  integrity sha512-TCTIul70LyWe6IJWT8QSYeA54WQe8EjQFU4wY52Fasj5UKx88LNYKCgBEHcOMOrFF1rKGbD8v/xcNWVUq9SymA==

util-deprecate@^1.0.1:
  version "1.0.2"
  resolved "https://registry.yarnpkg.com/util-deprecate/-/util-deprecate-1.0.2.tgz#450d4dc9fa70de732762fbd2d4a28981419a0ccf"
  integrity sha1-RQ1Nyfpw3nMnYvvS1KKJgUGaDM8=

webidl-conversions@^3.0.0:
  version "3.0.1"
  resolved "https://registry.yarnpkg.com/webidl-conversions/-/webidl-conversions-3.0.1.tgz#24534275e2a7bc6be7bc86611cc16ae0a5654871"
  integrity sha1-JFNCdeKnvGvnvIZhHMFq4KVlSHE=

whatwg-url@^5.0.0:
  version "5.0.0"
  resolved "https://registry.yarnpkg.com/whatwg-url/-/whatwg-url-5.0.0.tgz#966454e8765462e37644d3626f6742ce8b70965d"
  integrity sha1-lmRU6HZUYuN2RNNib2dCzotwll0=
  dependencies:
    tr46 "~0.0.3"
    webidl-conversions "^3.0.0"
